
Microsoft Visual Studio Solution File, Format Version 12.00
# Visual Studio Version 17
VisualStudioVersion = 17.10.34607.79
MinimumVisualStudioVersion = 10.0.40219.1
Project("{FAE04EC0-301F-11D3-BF4B-00C04F79EFBC}") = "pryCalvetEtapa3", "pryCalvetEtapa3.csproj", "{FCE0E105-78FA-4D0D-A384-3CD4A1865712}"
EndProject
Global
	GlobalSection(SolutionConfigurationPlatforms) = preSolution
		Debug|Any CPU = Debug|Any CPU
		Release|Any CPU = Release|Any CPU
	EndGlobalSection
	GlobalSection(ProjectConfigurationPlatforms) = postSolution
		{FCE0E105-78FA-4D0D-A384-3CD4A1865712}.Debug|Any CPU.ActiveCfg = Debug|Any CPU
		{FCE0E105-78FA-4D0D-A384-3CD4A1865712}.Debug|Any CPU.Build.0 = Debug|Any CPU
		{FCE0E105-78FA-4D0D-A384-3CD4A1865712}.Release|Any CPU.ActiveCfg = Release|Any CPU
		{FCE0E105-78FA-4D0D-A384-3CD4A1865712}.Release|Any CPU.Build.0 = Release|Any CPU
	EndGlobalSection
	GlobalSection(SolutionProperties) = preSolution
		HideSolutionNode = FALSE
	EndGlobalSection
	GlobalSection(ExtensibilityGlobals) = postSolution
		SolutionGuid = {81BDBE73-3D03-4BC5-B964-21335A651F4B}
	EndGlobalSection
EndGlobal
